
Microsoft Visual Studio Solution File, Format Version 12.00
# Visual Studio Version 17
VisualStudioVersion = 17.11.35219.272
MinimumVisualStudioVersion = 10.0.40219.1
Project("{FAE04EC0-301F-11D3-BF4B-00C04F79EFBC}") = "PROYECTO VERSION 3", "PROYECTO VERSION 3\PROYECTO VERSION 3.csproj", "{F089798B-D5D8-45A4-BF27-689BDDF2C232}"
EndProject
Global
	GlobalSection(SolutionConfigurationPlatforms) = preSolution
		Debug|Any CPU = Debug|Any CPU
		Release|Any CPU = Release|Any CPU
	EndGlobalSection
	GlobalSection(ProjectConfigurationPlatforms) = postSolution
		{F089798B-D5D8-45A4-BF27-689BDDF2C232}.Debug|Any CPU.ActiveCfg = Debug|Any CPU
		{F089798B-D5D8-45A4-BF27-689BDDF2C232}.Debug|Any CPU.Build.0 = Debug|Any CPU
		{F089798B-D5D8-45A4-BF27-689BDDF2C232}.Release|Any CPU.ActiveCfg = Release|Any CPU
		{F089798B-D5D8-45A4-BF27-689BDDF2C232}.Release|Any CPU.Build.0 = Release|Any CPU
	EndGlobalSection
	GlobalSection(SolutionProperties) = preSolution
		HideSolutionNode = FALSE
	EndGlobalSection
	GlobalSection(ExtensibilityGlobals) = postSolution
		SolutionGuid = {6B030874-39E2-4B05-BF7C-BA06EAEA2011}
	EndGlobalSection
EndGlobal
